
Microsoft Visual Studio Solution File, Format Version 12.00
# Visual Studio Version 17
VisualStudioVersion = 17.13.35931.197 d17.13
MinimumVisualStudioVersion = 10.0.40219.1
Project("{FAE04EC0-301F-11D3-BF4B-00C04F79EFBC}") = "CakeBuild", "CakeBuild\CakeBuild.csproj", "{7F3B205B-D837-4F12-A87E-549E70A88879}"
EndProject
Project("{FAE04EC0-301F-11D3-BF4B-00C04F79EFBC}") = "JapaneseArchitecture", "JapaneseArchitecture\JapaneseArchitecture.csproj", "{0A9221E1-0D54-424D-A2E0-D3B1ECD31C24}"
EndProject
Global
	GlobalSection(SolutionConfigurationPlatforms) = preSolution
		Debug|Any CPU = Debug|Any CPU
		Release|Any CPU = Release|Any CPU
	EndGlobalSection
	GlobalSection(ProjectConfigurationPlatforms) = postSolution
		{7F3B205B-D837-4F12-A87E-549E70A88879}.Debug|Any CPU.ActiveCfg = Debug|Any CPU
		{7F3B205B-D837-4F12-A87E-549E70A88879}.Debug|Any CPU.Build.0 = Debug|Any CPU
		{7F3B205B-D837-4F12-A87E-549E70A88879}.Release|Any CPU.ActiveCfg = Release|Any CPU
		{7F3B205B-D837-4F12-A87E-549E70A88879}.Release|Any CPU.Build.0 = Release|Any CPU
		{0A9221E1-0D54-424D-A2E0-D3B1ECD31C24}.Debug|Any CPU.ActiveCfg = Debug|Any CPU
		{0A9221E1-0D54-424D-A2E0-D3B1ECD31C24}.Debug|Any CPU.Build.0 = Debug|Any CPU
		{0A9221E1-0D54-424D-A2E0-D3B1ECD31C24}.Release|Any CPU.ActiveCfg = Release|Any CPU
		{0A9221E1-0D54-424D-A2E0-D3B1ECD31C24}.Release|Any CPU.Build.0 = Release|Any CPU
	EndGlobalSection
	GlobalSection(SolutionProperties) = preSolution
		HideSolutionNode = FALSE
	EndGlobalSection
	GlobalSection(ExtensibilityGlobals) = postSolution
		SolutionGuid = {839EBECA-14D5-46E9-8032-267CA9484B90}
	EndGlobalSection
EndGlobal
